
Microsoft Visual Studio Solution File, Format Version 12.00
# Visual Studio Version 17
VisualStudioVersion = 17.9.34616.47
MinimumVisualStudioVersion = 10.0.40219.1
Project("{9A19103F-16F7-4668-BE54-9A1E7A4F7556}") = "BlazorApp9", "BlazorApp9\BlazorApp9.csproj", "{FA9C49A8-B3A5-4D78-8D07-A3EFA90DD11F}"
EndProject
Project("{9A19103F-16F7-4668-BE54-9A1E7A4F7556}") = "BlazorApp9.Client", "BlazorApp9.Client\BlazorApp9.Client.csproj", "{47DE99DA-302D-4E2C-84BE-4980090FFBF9}"
EndProject
Project("{6EC3EE1D-3C4E-46DD-8F32-0CC8E7565705}") = "Interactive", "Interactive\Interactive.fsproj", "{0FE4124F-547F-4EF5-A6CF-A818C71F8EA1}"
EndProject
Global
	GlobalSection(SolutionConfigurationPlatforms) = preSolution
		Debug|Any CPU = Debug|Any CPU
		Release|Any CPU = Release|Any CPU
	EndGlobalSection
	GlobalSection(ProjectConfigurationPlatforms) = postSolution
		{FA9C49A8-B3A5-4D78-8D07-A3EFA90DD11F}.Debug|Any CPU.ActiveCfg = Debug|Any CPU
		{FA9C49A8-B3A5-4D78-8D07-A3EFA90DD11F}.Debug|Any CPU.Build.0 = Debug|Any CPU
		{FA9C49A8-B3A5-4D78-8D07-A3EFA90DD11F}.Release|Any CPU.ActiveCfg = Release|Any CPU
		{FA9C49A8-B3A5-4D78-8D07-A3EFA90DD11F}.Release|Any CPU.Build.0 = Release|Any CPU
		{47DE99DA-302D-4E2C-84BE-4980090FFBF9}.Debug|Any CPU.ActiveCfg = Debug|Any CPU
		{47DE99DA-302D-4E2C-84BE-4980090FFBF9}.Debug|Any CPU.Build.0 = Debug|Any CPU
		{47DE99DA-302D-4E2C-84BE-4980090FFBF9}.Release|Any CPU.ActiveCfg = Release|Any CPU
		{47DE99DA-302D-4E2C-84BE-4980090FFBF9}.Release|Any CPU.Build.0 = Release|Any CPU
		{0FE4124F-547F-4EF5-A6CF-A818C71F8EA1}.Debug|Any CPU.ActiveCfg = Debug|Any CPU
		{0FE4124F-547F-4EF5-A6CF-A818C71F8EA1}.Debug|Any CPU.Build.0 = Debug|Any CPU
		{0FE4124F-547F-4EF5-A6CF-A818C71F8EA1}.Release|Any CPU.ActiveCfg = Release|Any CPU
		{0FE4124F-547F-4EF5-A6CF-A818C71F8EA1}.Release|Any CPU.Build.0 = Release|Any CPU
	EndGlobalSection
	GlobalSection(SolutionProperties) = preSolution
		HideSolutionNode = FALSE
	EndGlobalSection
	GlobalSection(ExtensibilityGlobals) = postSolution
		SolutionGuid = {62AEE3B6-3C9D-4036-9CD4-1852078DBAF7}
	EndGlobalSection
EndGlobal
